
Microsoft Visual Studio Solution File, Format Version 12.00
# Visual Studio Version 17
VisualStudioVersion = 17.0.31903.59
MinimumVisualStudioVersion = 10.0.40219.1
Project("{FAE04EC0-301F-11D3-BF4B-00C04F79EFBC}") = "Project1", "Project1\Project1.csproj", "{BE5F73BC-4D3E-4B5F-B5DC-5F4191F06287}"
EndProject
Project("{FAE04EC0-301F-11D3-BF4B-00C04F79EFBC}") = "Project2", "Project2\Project2.csproj", "{C10FC259-7002-4732-BFA4-3045282FA3A7}"
EndProject
Project("{FAE04EC0-301F-11D3-BF4B-00C04F79EFBC}") = "Lab05", "Lab05\Lab05.csproj", "{FD4AC255-08DC-4755-8721-766625B4382F}"
EndProject
Project("{FAE04EC0-301F-11D3-BF4B-00C04F79EFBC}") = "Lab01", "Lab01\Lab01.csproj", "{39923255-AE75-444C-84B8-EBCB869D855F}"
EndProject
Project("{FAE04EC0-301F-11D3-BF4B-00C04F79EFBC}") = "Lab04", "Lab04\Lab04.csproj", "{ACF3426E-70D1-4F53-B930-6D82D30ED2A8}"
EndProject
Project("{FAE04EC0-301F-11D3-BF4B-00C04F79EFBC}") = "Project3", "Project3\Project3.csproj", "{84F3B9C7-1EA4-4412-9004-86C08885232F}"
EndProject
Global
	GlobalSection(SolutionConfigurationPlatforms) = preSolution
		Debug|Any CPU = Debug|Any CPU
		Release|Any CPU = Release|Any CPU
	EndGlobalSection
	GlobalSection(SolutionProperties) = preSolution
		HideSolutionNode = FALSE
	EndGlobalSection
	GlobalSection(ProjectConfigurationPlatforms) = postSolution
		{BE5F73BC-4D3E-4B5F-B5DC-5F4191F06287}.Debug|Any CPU.ActiveCfg = Debug|Any CPU
		{BE5F73BC-4D3E-4B5F-B5DC-5F4191F06287}.Debug|Any CPU.Build.0 = Debug|Any CPU
		{BE5F73BC-4D3E-4B5F-B5DC-5F4191F06287}.Release|Any CPU.ActiveCfg = Release|Any CPU
		{BE5F73BC-4D3E-4B5F-B5DC-5F4191F06287}.Release|Any CPU.Build.0 = Release|Any CPU
		{C10FC259-7002-4732-BFA4-3045282FA3A7}.Debug|Any CPU.ActiveCfg = Debug|Any CPU
		{C10FC259-7002-4732-BFA4-3045282FA3A7}.Debug|Any CPU.Build.0 = Debug|Any CPU
		{C10FC259-7002-4732-BFA4-3045282FA3A7}.Release|Any CPU.ActiveCfg = Release|Any CPU
		{C10FC259-7002-4732-BFA4-3045282FA3A7}.Release|Any CPU.Build.0 = Release|Any CPU
		{FD4AC255-08DC-4755-8721-766625B4382F}.Debug|Any CPU.ActiveCfg = Debug|Any CPU
		{FD4AC255-08DC-4755-8721-766625B4382F}.Debug|Any CPU.Build.0 = Debug|Any CPU
		{FD4AC255-08DC-4755-8721-766625B4382F}.Release|Any CPU.ActiveCfg = Release|Any CPU
		{FD4AC255-08DC-4755-8721-766625B4382F}.Release|Any CPU.Build.0 = Release|Any CPU
		{39923255-AE75-444C-84B8-EBCB869D855F}.Debug|Any CPU.ActiveCfg = Debug|Any CPU
		{39923255-AE75-444C-84B8-EBCB869D855F}.Debug|Any CPU.Build.0 = Debug|Any CPU
		{39923255-AE75-444C-84B8-EBCB869D855F}.Release|Any CPU.ActiveCfg = Release|Any CPU
		{39923255-AE75-444C-84B8-EBCB869D855F}.Release|Any CPU.Build.0 = Release|Any CPU
		{ACF3426E-70D1-4F53-B930-6D82D30ED2A8}.Debug|Any CPU.ActiveCfg = Debug|Any CPU
		{ACF3426E-70D1-4F53-B930-6D82D30ED2A8}.Debug|Any CPU.Build.0 = Debug|Any CPU
		{ACF3426E-70D1-4F53-B930-6D82D30ED2A8}.Release|Any CPU.ActiveCfg = Release|Any CPU
		{ACF3426E-70D1-4F53-B930-6D82D30ED2A8}.Release|Any CPU.Build.0 = Release|Any CPU
		{84F3B9C7-1EA4-4412-9004-86C08885232F}.Debug|Any CPU.ActiveCfg = Debug|Any CPU
		{84F3B9C7-1EA4-4412-9004-86C08885232F}.Debug|Any CPU.Build.0 = Debug|Any CPU
		{84F3B9C7-1EA4-4412-9004-86C08885232F}.Release|Any CPU.ActiveCfg = Release|Any CPU
		{84F3B9C7-1EA4-4412-9004-86C08885232F}.Release|Any CPU.Build.0 = Release|Any CPU
	EndGlobalSection
EndGlobal
